
Microsoft Visual Studio Solution File, Format Version 12.00
# Visual Studio Version 16
VisualStudioVersion = 16.0.30011.22
MinimumVisualStudioVersion = 10.0.40219.1
Project("{FAE04EC0-301F-11D3-BF4B-00C04F79EFBC}") = "Chamaczi", "Chamaczi\Chamaczi.csproj", "{5430EA50-496A-40BC-BEE9-DD59C5F3452D}"
EndProject
Global
	GlobalSection(SolutionConfigurationPlatforms) = preSolution
		Debug|Any CPU = Debug|Any CPU
		Release|Any CPU = Release|Any CPU
	EndGlobalSection
	GlobalSection(ProjectConfigurationPlatforms) = postSolution
		{5430EA50-496A-40BC-BEE9-DD59C5F3452D}.Debug|Any CPU.ActiveCfg = Debug|Any CPU
		{5430EA50-496A-40BC-BEE9-DD59C5F3452D}.Debug|Any CPU.Build.0 = Debug|Any CPU
		{5430EA50-496A-40BC-BEE9-DD59C5F3452D}.Release|Any CPU.ActiveCfg = Release|Any CPU
		{5430EA50-496A-40BC-BEE9-DD59C5F3452D}.Release|Any CPU.Build.0 = Release|Any CPU
	EndGlobalSection
	GlobalSection(SolutionProperties) = preSolution
		HideSolutionNode = FALSE
	EndGlobalSection
	GlobalSection(ExtensibilityGlobals) = postSolution
		SolutionGuid = {AB467F4A-1C3A-470F-BCF0-27ABAA80E5DE}
	EndGlobalSection
EndGlobal
